
Microsoft Visual Studio Solution File, Format Version 12.00
# Visual Studio 2012
Project("{8BC9CEB8-8B4A-11D0-8D11-00A0C91BC942}") = "task301", "task301\task301.vcxproj", "{3676807F-3A37-45A4-8A6D-7C2EE4791912}"
EndProject
Global
	GlobalSection(SolutionConfigurationPlatforms) = preSolution
		Debug|Win32 = Debug|Win32
		Release|Win32 = Release|Win32
	EndGlobalSection
	GlobalSection(ProjectConfigurationPlatforms) = postSolution
		{3676807F-3A37-45A4-8A6D-7C2EE4791912}.Debug|Win32.ActiveCfg = Debug|Win32
		{3676807F-3A37-45A4-8A6D-7C2EE4791912}.Debug|Win32.Build.0 = Debug|Win32
		{3676807F-3A37-45A4-8A6D-7C2EE4791912}.Release|Win32.ActiveCfg = Release|Win32
		{3676807F-3A37-45A4-8A6D-7C2EE4791912}.Release|Win32.Build.0 = Release|Win32
	EndGlobalSection
	GlobalSection(SolutionProperties) = preSolution
		HideSolutionNode = FALSE
	EndGlobalSection
EndGlobal
