
Microsoft Visual Studio Solution File, Format Version 12.00
# Visual Studio 2012
Project("{8BC9CEB8-8B4A-11D0-8D11-00A0C91BC942}") = "Task601", "Task601\Task601.vcxproj", "{207A5F82-6972-4165-84B2-6C00FB2271AE}"
EndProject
Global
	GlobalSection(SolutionConfigurationPlatforms) = preSolution
		Debug|Win32 = Debug|Win32
		Release|Win32 = Release|Win32
	EndGlobalSection
	GlobalSection(ProjectConfigurationPlatforms) = postSolution
		{207A5F82-6972-4165-84B2-6C00FB2271AE}.Debug|Win32.ActiveCfg = Debug|Win32
		{207A5F82-6972-4165-84B2-6C00FB2271AE}.Debug|Win32.Build.0 = Debug|Win32
		{207A5F82-6972-4165-84B2-6C00FB2271AE}.Release|Win32.ActiveCfg = Release|Win32
		{207A5F82-6972-4165-84B2-6C00FB2271AE}.Release|Win32.Build.0 = Release|Win32
	EndGlobalSection
	GlobalSection(SolutionProperties) = preSolution
		HideSolutionNode = FALSE
	EndGlobalSection
EndGlobal
