
Microsoft Visual Studio Solution File, Format Version 12.00
# Visual Studio 2012
Project("{8BC9CEB8-8B4A-11D0-8D11-00A0C91BC942}") = "ConsoleApplication1", "ConsoleApplication1\ConsoleApplication1.vcxproj", "{96B51BD7-A2F3-4D28-8A16-07780B87877A}"
EndProject
Global
	GlobalSection(SolutionConfigurationPlatforms) = preSolution
		Debug|Win32 = Debug|Win32
		Release|Win32 = Release|Win32
	EndGlobalSection
	GlobalSection(ProjectConfigurationPlatforms) = postSolution
		{96B51BD7-A2F3-4D28-8A16-07780B87877A}.Debug|Win32.ActiveCfg = Debug|Win32
		{96B51BD7-A2F3-4D28-8A16-07780B87877A}.Debug|Win32.Build.0 = Debug|Win32
		{96B51BD7-A2F3-4D28-8A16-07780B87877A}.Release|Win32.ActiveCfg = Release|Win32
		{96B51BD7-A2F3-4D28-8A16-07780B87877A}.Release|Win32.Build.0 = Release|Win32
	EndGlobalSection
	GlobalSection(SolutionProperties) = preSolution
		HideSolutionNode = FALSE
	EndGlobalSection
EndGlobal
