
Microsoft Visual Studio Solution File, Format Version 12.00
# Visual Studio 2012
Project("{8BC9CEB8-8B4A-11D0-8D11-00A0C91BC942}") = "task202", "task202\task202.vcxproj", "{846CC603-FEF9-41F5-95E8-A5F8E57606A0}"
EndProject
Global
	GlobalSection(SolutionConfigurationPlatforms) = preSolution
		Debug|Win32 = Debug|Win32
		Release|Win32 = Release|Win32
	EndGlobalSection
	GlobalSection(ProjectConfigurationPlatforms) = postSolution
		{846CC603-FEF9-41F5-95E8-A5F8E57606A0}.Debug|Win32.ActiveCfg = Debug|Win32
		{846CC603-FEF9-41F5-95E8-A5F8E57606A0}.Debug|Win32.Build.0 = Debug|Win32
		{846CC603-FEF9-41F5-95E8-A5F8E57606A0}.Release|Win32.ActiveCfg = Release|Win32
		{846CC603-FEF9-41F5-95E8-A5F8E57606A0}.Release|Win32.Build.0 = Release|Win32
	EndGlobalSection
	GlobalSection(SolutionProperties) = preSolution
		HideSolutionNode = FALSE
	EndGlobalSection
EndGlobal
